
Microsoft Visual Studio Solution File, Format Version 12.00
# Visual Studio Version 16
VisualStudioVersion = 16.0.30711.63
MinimumVisualStudioVersion = 10.0.40219.1
Project("{FAE04EC0-301F-11D3-BF4B-00C04F79EFBC}") = "Haberler", "Haberler\Haberler.csproj", "{32200D1E-7EF2-4C0F-ACD6-DA8D02BB82F1}"
EndProject
Global
	GlobalSection(SolutionConfigurationPlatforms) = preSolution
		Debug|Any CPU = Debug|Any CPU
		Release|Any CPU = Release|Any CPU
	EndGlobalSection
	GlobalSection(ProjectConfigurationPlatforms) = postSolution
		{32200D1E-7EF2-4C0F-ACD6-DA8D02BB82F1}.Debug|Any CPU.ActiveCfg = Debug|Any CPU
		{32200D1E-7EF2-4C0F-ACD6-DA8D02BB82F1}.Debug|Any CPU.Build.0 = Debug|Any CPU
		{32200D1E-7EF2-4C0F-ACD6-DA8D02BB82F1}.Release|Any CPU.ActiveCfg = Release|Any CPU
		{32200D1E-7EF2-4C0F-ACD6-DA8D02BB82F1}.Release|Any CPU.Build.0 = Release|Any CPU
	EndGlobalSection
	GlobalSection(SolutionProperties) = preSolution
		HideSolutionNode = FALSE
	EndGlobalSection
	GlobalSection(ExtensibilityGlobals) = postSolution
		SolutionGuid = {521CBFFA-3A3C-4C10-AB40-A059DA4971A9}
	EndGlobalSection
EndGlobal
